
Microsoft Visual Studio Solution File, Format Version 11.00
# Visual Studio 2010
Project("{FAE04EC0-301F-11D3-BF4B-00C04F79EFBC}") = "MyShaderLab", "Assembly-CSharp.csproj", "{1130AEE7-95EA-93E1-A58C-F9D4B419EEC3}"
EndProject
Global
	GlobalSection(SolutionConfigurationPlatforms) = preSolution
		Debug|Any CPU = Debug|Any CPU
		Release|Any CPU = Release|Any CPU
	EndGlobalSection
	GlobalSection(ProjectConfigurationPlatforms) = postSolution
		{1130AEE7-95EA-93E1-A58C-F9D4B419EEC3}.Debug|Any CPU.ActiveCfg = Debug|Any CPU
		{1130AEE7-95EA-93E1-A58C-F9D4B419EEC3}.Debug|Any CPU.Build.0 = Debug|Any CPU
		{1130AEE7-95EA-93E1-A58C-F9D4B419EEC3}.Release|Any CPU.ActiveCfg = Release|Any CPU
		{1130AEE7-95EA-93E1-A58C-F9D4B419EEC3}.Release|Any CPU.Build.0 = Release|Any CPU
	EndGlobalSection
	GlobalSection(SolutionProperties) = preSolution
		HideSolutionNode = FALSE
	EndGlobalSection
	GlobalSection(MonoDevelopProperties) = preSolution
		StartupItem = Assembly-CSharp.csproj
	EndGlobalSection
EndGlobal
